// !$*UTF8*$!
{
	archiveVersion = 1;
	classes = {
	};
	objectVersion = 46;
	objects = {

/* Begin PBXBuildFile section */
		CDBCB3741D31AA9000454371 /* AppDelegate.swift in Sources */ = {isa = PBXBuildFile; fileRef = CDBCB3731D31AA9000454371 /* AppDelegate.swift */; };
		CDBCB3761D31AA9000454371 /* ViewController.swift in Sources */ = {isa = PBXBuildFile; fileRef = CDBCB3751D31AA9000454371 /* ViewController.swift */; };
		CDBCB3791D31AA9000454371 /* Main.storyboard in Resources */ = {isa = PBXBuildFile; fileRef = CDBCB3771D31AA9000454371 /* Main.storyboard */; };
		CDBCB37B1D31AA9000454371 /* Assets.xcassets in Resources */ = {isa = PBXBuildFile; fileRef = CDBCB37A1D31AA9000454371 /* Assets.xcassets */; };
		CDBCB37E1D31AA9000454371 /* LaunchScreen.storyboard in Resources */ = {isa = PBXBuildFile; fileRef = CDBCB37C1D31AA9000454371 /* LaunchScreen.storyboard */; };
/* End PBXBuildFile section */

/* Begin PBXFileReference section */
		CDBCB3701D31AA9000454371 /* Peruano.app */ = {isa = PBXFileReference; explicitFileType = wrapper.application; includeInIndex = 0; path = Peruano.app; sourceTree = BUILT_PRODUCTS_DIR; };
		CDBCB3731D31AA9000454371 /* AppDelegate.swift */ = {isa = PBXFileReference; lastKnownFileType = sourcecode.swift; path = AppDelegate.swift; sourceTree = "<group>"; };
		CDBCB3751D31AA9000454371 /* ViewController.swift */ = {isa = PBXFileReference; lastKnownFileType = sourcecode.swift; path = ViewController.swift; sourceTree = "<group>"; };
		CDBCB3781D31AA9000454371 /* Base */ = {isa = PBXFileReference; lastKnownFileType = file.storyboard; name = Base; path = Base.lproj/Main.storyboard; sourceTree = "<group>"; };
		CDBCB37A1D31AA9000454371 /* Assets.xcassets */ = {isa = PBXFileReference; lastKnownFileType = folder.assetcatalog; path = Assets.xcassets; sourceTree = "<group>"; };
		CDBCB37D1D31AA9000454371 /* Base */ = {isa = PBXFileReference; lastKnownFileType = file.storyboard; name = Base; path = Base.lproj/LaunchScreen.storyboard; sourceTree = "<group>"; };
		CDBCB37F1D31AA9000454371 /* Info.plist */ = {isa = PBXFileReference; lastKnownFileType = text.plist.xml; path = Info.plist; sourceTree = "<group>"; };
/* End PBXFileReference section */

/* Begin PBXFrameworksBuildPhase section */
		CDBCB36D1D31AA9000454371 /* Frameworks */ = {
			isa = PBXFrameworksBuildPhase;
			buildActionMask = 2147483647;
			files = (
			);
			runOnlyForDeploymentPostprocessing = 0;
		};
/* End PBXFrameworksBuildPhase section */

/* Begin PBXGroup section */
		CDBCB3671D31AA8F00454371 = {
			isa = PBXGroup;
			children = (
				CDBCB3721D31AA9000454371 /* Peruano */,
				CDBCB3711D31AA9000454371 /* Products */,
			);
			sourceTree = "<group>";
		};
		CDBCB3711D31AA9000454371 /* Products */ = {
			isa = PBXGroup;
			children = (
				CDBCB3701D31AA9000454371 /* Peruano.app */,
			);
			name = Products;
			sourceTree = "<group>";
		};
		CDBCB3721D31AA9000454371 /* Peruano */ = {
			isa = PBXGroup;
			children = (
				CDBCB3731D31AA9000454371 /* AppDelegate.swift */,
				CDBCB3751D31AA9000454371 /* ViewController.swift */,
				CDBCB3771D31AA9000454371 /* Main.storyboard */,
				CDBCB37A1D31AA9000454371 /* Assets.xcassets */,
				CDBCB37C1D31AA9000454371 /* LaunchScreen.storyboard */,
				CDBCB37F1D31AA9000454371 /* Info.plist */,
			);
			path = Peruano;
			sourceTree = "<group>";
		};
/* End PBXGroup section */

/* Begin PBXNativeTarget section */
		CDBCB36F1D31AA9000454371 /* Peruano */ = {
			isa = PBXNativeTarget;
			buildConfigurationList = CDBCB3821D31AA9000454371 /* Build configuration list for PBXNativeTarget "Peruano" */;
			buildPhases = (
				CDBCB36C1D31AA9000454371 /* Sources */,
				CDBCB36D1D31AA9000454371 /* Frameworks */,
				CDBCB36E1D31AA9000454371 /* Resources */,
			);
			buildRules = (
			);
			dependencies = (
			);
			name = Peruano;
			productName = Peruano;
			productReference = CDBCB3701D31AA9000454371 /* Peruano.app */;
			productType = "com.apple.product-type.application";
		};
/* End PBXNativeTarget section */

/* Begin PBXProject section */
		CDBCB3681D31AA8F00454371 /* Project object */ = {
			isa = PBXProject;
			attributes = {
				LastSwiftUpdateCheck = 0730;
				LastUpgradeCheck = 0730;
				ORGANIZATIONNAME = SolorApps;
				TargetAttributes = {
					CDBCB36F1D31AA9000454371 = {
						CreatedOnToolsVersion = 7.3.1;
						DevelopmentTeam = 8R3688592C;
					};
				};
			};
			buildConfigurationList = CDBCB36B1D31AA8F00454371 /* Build configuration list for PBXProject "Peruano" */;
			compatibilityVersion = "Xcode 3.2";
			developmentRegion = English;
			hasScannedForEncodings = 0;
			knownRegions = (
				en,
				Base,
			);
			mainGroup = CDBCB3671D31AA8F00454371;
			productRefGroup = CDBCB3711D31AA9000454371 /* Products */;
			projectDirPath = "";
			projectRoot = "";
			targets = (
				CDBCB36F1D31AA9000454371 /* Peruano */,
			);
		};
/* End PBXProject section */

/* Begin PBXResourcesBuildPhase section */
		CDBCB36E1D31AA9000454371 /* Resources */ = {
			isa = PBXResourcesBuildPhase;
			buildActionMask = 2147483647;
			files = (
				CDBCB37E1D31AA9000454371 /* LaunchScreen.storyboard in Resources */,
				CDBCB37B1D31AA9000454371 /* Assets.xcassets in Resources */,
				CDBCB3791D31AA9000454371 /* Main.storyboard in Resources */,
			);
			runOnlyForDeploymentPostprocessing = 0;
		};
/* End PBXResourcesBuildPhase section */

/* Begin PBXSourcesBuildPhase section */
		CDBCB36C1D31AA9000454371 /* Sources */ = {
			isa = PBXSourcesBuildPhase;
			buildActionMask = 2147483647;
			files = (
				CDBCB3761D31AA9000454371 /* ViewController.swift in Sources */,
				CDBCB3741D31AA9000454371 /* AppDelegate.swift in Sources */,
			);
			runOnlyForDeploymentPostprocessing = 0;
		};
/* End PBXSourcesBuildPhase section */

/* Begin PBXVariantGroup section */
		CDBCB3771D31AA9000454371 /* Main.storyboard */ = {
			isa = PBXVariantGroup;
			children = (
				CDBCB3781D31AA9000454371 /* Base */,
			);
			name = Main.storyboard;
			sourceTree = "<group>";
		};
		CDBCB37C1D31AA9000454371 /* LaunchScreen.storyboard */ = {
			isa = PBXVariantGroup;
			children = (
				CDBCB37D1D31AA9000454371 /* Base */,
			);
			name = LaunchScreen.storyboard;
			sourceTree = "<group>";
		};
/* End PBXVariantGroup section */

/* Begin XCBuildConfiguration section */
		CDBCB3801D31AA9000454371 /* Debug */ = {
			isa = XCBuildConfiguration;
			buildSettings = {
				ALWAYS_SEARCH_USER_PATHS = NO;
				CLANG_ANALYZER_NONNULL = YES;
				CLANG_CXX_LANGUAGE_STANDARD = "gnu++0x";
				CLANG_CXX_LIBRARY = "libc++";
				CLANG_ENABLE_MODULES = YES;
				CLANG_ENABLE_OBJC_ARC = YES;
				CLANG_WARN_BOOL_CONVERSION = YES;
				CLANG_WARN_CONSTANT_CONVERSION = YES;
				CLANG_WARN_DIRECT_OBJC_ISA_USAGE = YES_ERROR;
				CLANG_WARN_EMPTY_BODY = YES;
				CLANG_WARN_ENUM_CONVERSION = YES;
				CLANG_WARN_INT_CONVERSION = YES;
				CLANG_WARN_OBJC_ROOT_CLASS = YES_ERROR;
				CLANG_WARN_UNREACHABLE_CODE = YES;
				CLANG_WARN__DUPLICATE_METHOD_MATCH = YES;
				"CODE_SIGN_IDENTITY[sdk=iphoneos*]" = "iPhone Developer";
				COPY_PHASE_STRIP = NO;
				DEBUG_INFORMATION_FORMAT = dwarf;
				ENABLE_STRICT_OBJC_MSGSEND = YES;
				ENABLE_TESTABILITY = YES;
				GCC_C_LANGUAGE_STANDARD = gnu99;
				GCC_DYNAMIC_NO_PIC = NO;
				GCC_NO_COMMON_BLOCKS = YES;
				GCC_OPTIMIZATION_LEVEL = 0;
				GCC_PREPROCESSOR_DEFINITIONS = (
					"DEBUG=1",
					"$(inherited)",
				);
				GCC_WARN_64_TO_32_BIT_CONVERSION = YES;
				GCC_WARN_ABOUT_RETURN_TYPE = YES_ERROR;
				GCC_WARN_UNDECLARED_SELECTOR = YES;
				GCC_WARN_UNINITIALIZED_AUTOS = YES_AGGRESSIVE;
				GCC_WARN_UNUSED_FUNCTION = YES;
				GCC_WARN_UNUSED_VARIABLE = YES;
				IPHONEOS_DEPLOYMENT_TARGET = 9.3;
				MTL_ENABLE_DEBUG_INFO = YES;
				ONLY_ACTIVE_ARCH = YES;
				SDKROOT = iphoneos;
				SWIFT_OPTIMIZATION_LEVEL = "-Onone";
				TARGETED_DEVICE_FAMILY = "1,2";
			};
			name = Debug;
		};
		CDBCB3811D31AA9000454371 /* Release */ = {
			isa = XCBuildConfiguration;
			buildSettings = {
				ALWAYS_SEARCH_USER_PATHS = NO;
				CLANG_ANALYZER_NONNULL = YES;
				CLANG_CXX_LANGUAGE_STANDARD = "gnu++0x";
				CLANG_CXX_LIBRARY = "libc++";
				CLANG_ENABLE_MODULES = YES;
				CLANG_ENABLE_OBJC_ARC = YES;
				CLANG_WARN_BOOL_CONVERSION = YES;
				CLANG_WARN_CONSTANT_CONVERSION = YES;
				CLANG_WARN_DIRECT_OBJC_ISA_USAGE = YES_ERROR;
				CLANG_WARN_EMPTY_BODY = YES;
				CLANG_WARN_ENUM_CONVERSION = YES;
				CLANG_WARN_INT_CONVERSION = YES;
				CLANG_WARN_OBJC_ROOT_CLASS = YES_ERROR;
				CLANG_WARN_UNREACHABLE_CODE = YES;
				CLANG_WARN__DUPLICATE_METHOD_MATCH = YES;
				"CODE_SIGN_IDENTITY[sdk=iphoneos*]" = "iPhone Developer";
				COPY_PHASE_STRIP = NO;
				DEBUG_INFORMATION_FORMAT = "dwarf-with-dsym";
				ENABLE_NS_ASSERTIONS = NO;
				ENABLE_STRICT_OBJC_MSGSEND = YES;
				GCC_C_LANGUAGE_STANDARD = gnu99;
				GCC_NO_COMMON_BLOCKS = YES;
				GCC_WARN_64_TO_32_BIT_CONVERSION = YES;
				GCC_WARN_ABOUT_RETURN_TYPE = YES_ERROR;
				GCC_WARN_UNDECLARED_SELECTOR = YES;
				GCC_WARN_UNINITIALIZED_AUTOS = YES_AGGRESSIVE;
				GCC_WARN_UNUSED_FUNCTION = YES;
				GCC_WARN_UNUSED_VARIABLE = YES;
				IPHONEOS_DEPLOYMENT_TARGET = 9.3;
				MTL_ENABLE_DEBUG_INFO = NO;
				SDKROOT = iphoneos;
				TARGETED_DEVICE_FAMILY = "1,2";
				VALIDATE_PRODUCT = YES;
			};
			name = Release;
		};
		CDBCB3831D31AA9000454371 /* Debug */ = {
			isa = XCBuildConfiguration;
			buildSettings = {
				ASSETCATALOG_COMPILER_APPICON_NAME = AppIcon;
				INFOPLIST_FILE = Peruano/Info.plist;
				LD_RUNPATH_SEARCH_PATHS = "$(inherited) @executable_path/Frameworks";
				PRODUCT_BUNDLE_IDENTIFIER = com.SolorApps.Peruano;
				PRODUCT_NAME = "$(TARGET_NAME)";
			};
			name = Debug;
		};
		CDBCB3841D31AA9000454371 /* Release */ = {
			isa = XCBuildConfiguration;
			buildSettings = {
				ASSETCATALOG_COMPILER_APPICON_NAME = AppIcon;
				INFOPLIST_FILE = Peruano/Info.plist;
				LD_RUNPATH_SEARCH_PATHS = "$(inherited) @executable_path/Frameworks";
				PRODUCT_BUNDLE_IDENTIFIER = com.SolorApps.Peruano;
				PRODUCT_NAME = "$(TARGET_NAME)";
			};
			name = Release;
		};
/* End XCBuildConfiguration section */

/* Begin XCConfigurationList section */
		CDBCB36B1D31AA8F00454371 /* Build configuration list for PBXProject "Peruano" */ = {
			isa = XCConfigurationList;
			buildConfigurations = (
				CDBCB3801D31AA9000454371 /* Debug */,
				CDBCB3811D31AA9000454371 /* Release */,
			);
			defaultConfigurationIsVisible = 0;
			defaultConfigurationName = Release;
		};
		CDBCB3821D31AA9000454371 /* Build configuration list for PBXNativeTarget "Peruano" */ = {
			isa = XCConfigurationList;
			buildConfigurations = (
				CDBCB3831D31AA9000454371 /* Debug */,
				CDBCB3841D31AA9000454371 /* Release */,
			);
			defaultConfigurationIsVisible = 0;
		};
/* End XCConfigurationList section */
	};
	rootObject = CDBCB3681D31AA8F00454371 /* Project object */;
}
